
Microsoft Visual Studio Solution File, Format Version 12.00
# Visual Studio 15
Project("{FAE04EC0-301F-11D3-BF4B-00C04F79EFBC}") = "Assembly-CSharp-Editor", "Assembly-CSharp-Editor.csproj", "{EA06D9B2-2302-00A4-B75A-81EF1347C18A}"
EndProject
Project("{FAE04EC0-301F-11D3-BF4B-00C04F79EFBC}") = "Assembly-CSharp", "Assembly-CSharp.csproj", "{66E99D94-344C-44BB-6947-0F20BC930769}"
EndProject
Global
	GlobalSection(SolutionConfigurationPlatforms) = preSolution
		Debug|Any CPU = Debug|Any CPU
		Release|Any CPU = Release|Any CPU
	EndGlobalSection
	GlobalSection(ProjectConfigurationPlatforms) = postSolution
		{EA06D9B2-2302-00A4-B75A-81EF1347C18A}.Debug|Any CPU.ActiveCfg = Debug|Any CPU
		{EA06D9B2-2302-00A4-B75A-81EF1347C18A}.Debug|Any CPU.Build.0 = Debug|Any CPU
		{EA06D9B2-2302-00A4-B75A-81EF1347C18A}.Release|Any CPU.ActiveCfg = Release|Any CPU
		{EA06D9B2-2302-00A4-B75A-81EF1347C18A}.Release|Any CPU.Build.0 = Release|Any CPU
		{66E99D94-344C-44BB-6947-0F20BC930769}.Debug|Any CPU.ActiveCfg = Debug|Any CPU
		{66E99D94-344C-44BB-6947-0F20BC930769}.Debug|Any CPU.Build.0 = Debug|Any CPU
		{66E99D94-344C-44BB-6947-0F20BC930769}.Release|Any CPU.ActiveCfg = Release|Any CPU
		{66E99D94-344C-44BB-6947-0F20BC930769}.Release|Any CPU.Build.0 = Release|Any CPU
	EndGlobalSection
	GlobalSection(SolutionProperties) = preSolution
		HideSolutionNode = FALSE
	EndGlobalSection
EndGlobal
